
Microsoft Visual Studio Solution File, Format Version 12.00
Project("{FAE04EC0-301F-11D3-BF4B-00C04F79EFBC}") = "ConnyConsole", "src/ConnyConsole/ConnyConsole.csproj", "{88969CC9-34FC-4668-902F-9D5354CE92E2}"
EndProject
Project("{FAE04EC0-301F-11D3-BF4B-00C04F79EFBC}") = "ConnyConsole.Tests", "tests/ConnyConsole.Tests\ConnyConsole.Tests.csproj", "{2A4024A7-B57F-4412-9ABF-12294591C2F0}"
EndProject
Global
	GlobalSection(SolutionConfigurationPlatforms) = preSolution
		Debug|Any CPU = Debug|Any CPU
		Release|Any CPU = Release|Any CPU
	EndGlobalSection
	GlobalSection(ProjectConfigurationPlatforms) = postSolution
		{88969CC9-34FC-4668-902F-9D5354CE92E2}.Debug|Any CPU.ActiveCfg = Debug|Any CPU
		{88969CC9-34FC-4668-902F-9D5354CE92E2}.Debug|Any CPU.Build.0 = Debug|Any CPU
		{88969CC9-34FC-4668-902F-9D5354CE92E2}.Release|Any CPU.ActiveCfg = Release|Any CPU
		{88969CC9-34FC-4668-902F-9D5354CE92E2}.Release|Any CPU.Build.0 = Release|Any CPU
		{2A4024A7-B57F-4412-9ABF-12294591C2F0}.Debug|Any CPU.ActiveCfg = Debug|Any CPU
		{2A4024A7-B57F-4412-9ABF-12294591C2F0}.Debug|Any CPU.Build.0 = Debug|Any CPU
		{2A4024A7-B57F-4412-9ABF-12294591C2F0}.Release|Any CPU.ActiveCfg = Release|Any CPU
		{2A4024A7-B57F-4412-9ABF-12294591C2F0}.Release|Any CPU.Build.0 = Release|Any CPU
	EndGlobalSection
EndGlobal
